{
  "name": "test",
  "version": "1.0.0",
  "lockfileVersion": 3,
  "requires": true,
  "packages": {
    "": {
      "name": "test",
      "version": "1.0.0",
      "license": "ISC"
    },
    "../npm-package-sample1": {
      "name": "yagya-is-string",
      "version": "1.0.0",
      "license": "ISC"
    },
    "node_modules/yagya-is-string": {
      "resolved": "../npm-package-sample1",
      "link": true
    }
  }
}
