{
  "name": "basic1",
  "version": "1.1.1",
  "lockfileVersion": 3,
  "requires": true,
  "packages": {
    "": {
      "name": "basic1",
      "version": "1.1.1",
      "license": "ISC",
      "dependencies": {
        "yagya-is-string": "^1.0.0",
        "yagyaworld": "^1.0.0"
      }
    },
    "node_modules/yagya-is-string": {
      "version": "1.0.0",
      "resolved": "https://registry.npmjs.org/yagya-is-string/-/yagya-is-string-1.0.0.tgz",
      "integrity": "sha512-DMLXhdQSrTd80/8qgygTkz7j366WwFiNc5Ii4k2j2UBV0XZNMzyrvD39JwrxmSbmdNVqWGH0qHn0zWSVEyXNpg=="
    },
    "node_modules/yagyaworld": {
      "version": "1.0.0",
      "resolved": "https://registry.npmjs.org/yagyaworld/-/yagyaworld-1.0.0.tgz",
      "integrity": "sha512-URnEb9aCscjPycZvncmp+OtBydi6Mh8fIYxmCB+kcde8F8XYY4+EIyBMKYHS2ssHi+AK60VHRlFGGb6oRYFjzw=="
    }
  }
}
