{
  "name": "test",
  "version": "1.0.0",
  "lockfileVersion": 3,
  "requires": true,
  "packages": {
    "": {
      "name": "test",
      "version": "1.0.0",
      "license": "ISC",
      "dependencies": {
        "gene-random-str": "^1.0.0"
      }
    },
    "node_modules/gene-random-str": {
      "version": "1.0.0",
      "resolved": "https://registry.npmjs.org/gene-random-str/-/gene-random-str-1.0.0.tgz",
      "integrity": "sha512-FuD7wrgxBt2LwUpzN3Zf46y6S28K1gen28W2TXfCetP8Ln/450HJa0QcyJQzYi4d0Uuq8KLGEJ+7rFT825QMHw=="
    }
  }
}
