{
  "name": "Test",
  "lockfileVersion": 3,
  "requires": true,
  "packages": {
    "": {
      "dependencies": {
        "npmapp": "^1.0.0"
      }
    },
    "node_modules/npmapp": {
      "version": "1.0.0",
      "resolved": "https://registry.npmjs.org/npmapp/-/npmapp-1.0.0.tgz",
      "integrity": "sha512-OnxoO5RVqn8CwkiBxo9y4/QT509InYoVGdqFzSJmPOW47naIBqyGMr4+utI3Nn6i1yunZzp5tTZJttzb4iiIeg=="
    }
  }
}
